PODS:
  - Alamofire (5.2.1)
  - Amplitude-iOS (4.10.0)
  - BitcoinKit (1.1.0)
  - Moya/Core (14.0.0):
    - Alamofire (~> 5.0)
  - Moya/RxSwift (14.0.0):
    - Moya/Core
    - RxSwift (~> 5.0)
  - Realm (4.3.2):
    - Realm/Headers (= 4.3.2)
  - Realm/Headers (4.3.2)
  - RealmSwift (4.3.2):
    - Realm (= 4.3.2)
  - RxCocoa (5.1.1):
    - RxRelay (~> 5)
    - RxSwift (~> 5)
  - RxRelay (5.1.1):
    - RxSwift (~> 5)
  - RxSwift (5.1.1)

DEPENDENCIES:
  - Amplitude-iOS
  - BitcoinKit (from `https://github.com/saltyskip/BitcoinKit.git`)
  - Moya/RxSwift (~> 14.0.0)
  - RealmSwift
  - RxCocoa (~> 5)
  - RxSwift (~> 5)

SPEC REPOS:
  trunk:
    - Alamofire
    - Amplitude-iOS
    - Moya
    - Realm
    - RealmSwift
    - RxCocoa
    - RxRelay
    - RxSwift

EXTERNAL SOURCES:
  BitcoinKit:
    :git: https://github.com/saltyskip/BitcoinKit.git

CHECKOUT OPTIONS:
  BitcoinKit:
    :commit: 307856e40ac8670e6d7eee6c1a80bf7c0a39f32b
    :git: https://github.com/saltyskip/BitcoinKit.git

SPEC CHECKSUMS:
  Alamofire: e911732990610fe89af59ac0077f923d72dc3dfd
  Amplitude-iOS: 7d8cdc3408ba35c2e68368fc7c692cd104606b94
  BitcoinKit: a8c198d2a57caf64dc43271901f8c5a2309aced2
  Moya: 5b45dacb75adb009f97fde91c204c1e565d31916
  Realm: 5e92902e2875dff4bb0fd02f67bb737c3d5db2bc
  RealmSwift: 9a360fc7bae04fc2e308a34fbd899d5faa2d6b22
  RxCocoa: 32065309a38d29b5b0db858819b5bf9ef038b601
  RxRelay: d77f7d771495f43c556cbc43eebd1bb54d01e8e9
  RxSwift: 81470a2074fa8780320ea5fe4102807cb7118178

PODFILE CHECKSUM: ff614967e3967dc78a806eb613b7ab31d106c2ed

COCOAPODS: 1.11.2
